
Microsoft Visual Studio Solution File, Format Version 12.00
# Visual Studio Version 17
VisualStudioVersion = 17.5.33502.453
MinimumVisualStudioVersion = 10.0.40219.1
Project("{FAE04EC0-301F-11D3-BF4B-00C04F79EFBC}") = "LocalizationResourcesTest", "LocalizationResourcesTest\LocalizationResourcesTest.csproj", "{1F47C94B-6CAB-4290-B4F6-350D5199E640}"
EndProject
Global
	GlobalSection(SolutionConfigurationPlatforms) = preSolution
		Debug|Any CPU = Debug|Any CPU
		Release|Any CPU = Release|Any CPU
	EndGlobalSection
	GlobalSection(ProjectConfigurationPlatforms) = postSolution
		{1F47C94B-6CAB-4290-B4F6-350D5199E640}.Debug|Any CPU.ActiveCfg = Debug|Any CPU
		{1F47C94B-6CAB-4290-B4F6-350D5199E640}.Debug|Any CPU.Build.0 = Debug|Any CPU
		{1F47C94B-6CAB-4290-B4F6-350D5199E640}.Release|Any CPU.ActiveCfg = Release|Any CPU
		{1F47C94B-6CAB-4290-B4F6-350D5199E640}.Release|Any CPU.Build.0 = Release|Any CPU
	EndGlobalSection
	GlobalSection(SolutionProperties) = preSolution
		HideSolutionNode = FALSE
	EndGlobalSection
	GlobalSection(ExtensibilityGlobals) = postSolution
		SolutionGuid = {F44FA067-F1B0-4A46-AEFB-7825FBAF67FF}
	EndGlobalSection
EndGlobal
